// !$*UTF8*$!
{
	archiveVersion = 1;
	classes = {
	};
	objectVersion = 55;
	objects = {

/* Begin PBXBuildFile section */
		5D8BA892275158F500BB843F /* ForceDirectedGraphApp.swift in Sources */ = {isa = PBXBuildFile; fileRef = 5D8BA882275158F400BB843F /* ForceDirectedGraphApp.swift */; };
		5D8BA894275158F500BB843F /* ContentView.swift in Sources */ = {isa = PBXBuildFile; fileRef = 5D8BA883275158F400BB843F /* ContentView.swift */; };
		5D8BA896275158F500BB843F /* Assets.xcassets in Resources */ = {isa = PBXBuildFile; fileRef = 5D8BA884275158F500BB843F /* Assets.xcassets */; };
		5D8BA8A12751593500BB843F /* Graph.swift in Sources */ = {isa = PBXBuildFile; fileRef = 5D8BA8A02751593500BB843F /* Graph.swift */; };
		5D8BA8A42751593F00BB843F /* GraphLayout.swift in Sources */ = {isa = PBXBuildFile; fileRef = 5D8BA8A32751593F00BB843F /* GraphLayout.swift */; };
		5D8BA8A72751594A00BB843F /* GraphView.swift in Sources */ = {isa = PBXBuildFile; fileRef = 5D8BA8A62751594A00BB843F /* GraphView.swift */; };
		5D8BA8AA2751595400BB843F /* LinksView.swift in Sources */ = {isa = PBXBuildFile; fileRef = 5D8BA8A92751595400BB843F /* LinksView.swift */; };
		5D8BA8AD2751596E00BB843F /* GraphControl.swift in Sources */ = {isa = PBXBuildFile; fileRef = 5D8BA8AC2751596E00BB843F /* GraphControl.swift */; };
		5D8BA8B02751597700BB843F /* miserables.json in Resources */ = {isa = PBXBuildFile; fileRef = 5D8BA8AF2751597700BB843F /* miserables.json */; };
		5D8BA8B32751598200BB843F /* NodeView.swift in Sources */ = {isa = PBXBuildFile; fileRef = 5D8BA8B22751598200BB843F /* NodeView.swift */; };
		5D8BA8B62751598F00BB843F /* simple.json in Resources */ = {isa = PBXBuildFile; fileRef = 5D8BA8B52751598F00BB843F /* simple.json */; };
		5D8BA8B92751599700BB843F /* Utility.swift in Sources */ = {isa = PBXBuildFile; fileRef = 5D8BA8B82751599700BB843F /* Utility.swift */; };
		5D8BA8BC2751DC0600BB843F /* GraphViewModel.swift in Sources */ = {isa = PBXBuildFile; fileRef = 5D8BA8BB2751DC0600BB843F /* GraphViewModel.swift */; };
/* End PBXBuildFile section */

/* Begin PBXFileReference section */
		5D8BA882275158F400BB843F /* ForceDirectedGraphApp.swift */ = {isa = PBXFileReference; lastKnownFileType = sourcecode.swift; path = ForceDirectedGraphApp.swift; sourceTree = "<group>"; };
		5D8BA883275158F400BB843F /* ContentView.swift */ = {isa = PBXFileReference; lastKnownFileType = sourcecode.swift; path = ContentView.swift; sourceTree = "<group>"; };
		5D8BA884275158F500BB843F /* Assets.xcassets */ = {isa = PBXFileReference; lastKnownFileType = folder.assetcatalog; path = Assets.xcassets; sourceTree = "<group>"; };
		5D8BA889275158F500BB843F /* ForceDirectedGraph.app */ = {isa = PBXFileReference; explicitFileType = wrapper.application; includeInIndex = 0; path = ForceDirectedGraph.app; sourceTree = BUILT_PRODUCTS_DIR; };
		5D8BA8A02751593500BB843F /* Graph.swift */ = {isa = PBXFileReference; fileEncoding = 4; lastKnownFileType = sourcecode.swift; path = Graph.swift; sourceTree = "<group>"; };
		5D8BA8A32751593F00BB843F /* GraphLayout.swift */ = {isa = PBXFileReference; fileEncoding = 4; lastKnownFileType = sourcecode.swift; path = GraphLayout.swift; sourceTree = "<group>"; };
		5D8BA8A62751594A00BB843F /* GraphView.swift */ = {isa = PBXFileReference; fileEncoding = 4; lastKnownFileType = sourcecode.swift; path = GraphView.swift; sourceTree = "<group>"; };
		5D8BA8A92751595400BB843F /* LinksView.swift */ = {isa = PBXFileReference; fileEncoding = 4; lastKnownFileType = sourcecode.swift; path = LinksView.swift; sourceTree = "<group>"; };
		5D8BA8AC2751596E00BB843F /* GraphControl.swift */ = {isa = PBXFileReference; fileEncoding = 4; lastKnownFileType = sourcecode.swift; path = GraphControl.swift; sourceTree = "<group>"; };
		5D8BA8AF2751597700BB843F /* miserables.json */ = {isa = PBXFileReference; fileEncoding = 4; lastKnownFileType = text.json; path = miserables.json; sourceTree = "<group>"; };
		5D8BA8B22751598200BB843F /* NodeView.swift */ = {isa = PBXFileReference; fileEncoding = 4; lastKnownFileType = sourcecode.swift; path = NodeView.swift; sourceTree = "<group>"; };
		5D8BA8B52751598F00BB843F /* simple.json */ = {isa = PBXFileReference; fileEncoding = 4; lastKnownFileType = text.json; path = simple.json; sourceTree = "<group>"; };
		5D8BA8B82751599700BB843F /* Utility.swift */ = {isa = PBXFileReference; fileEncoding = 4; lastKnownFileType = sourcecode.swift; path = Utility.swift; sourceTree = "<group>"; };
		5D8BA8BB2751DC0600BB843F /* GraphViewModel.swift */ = {isa = PBXFileReference; lastKnownFileType = sourcecode.swift; path = GraphViewModel.swift; sourceTree = "<group>"; };
/* End PBXFileReference section */

/* Begin PBXFrameworksBuildPhase section */
		5D8BA886275158F500BB843F /* Frameworks */ = {
			isa = PBXFrameworksBuildPhase;
			buildActionMask = 2147483647;
			files = (
			);
			runOnlyForDeploymentPostprocessing = 0;
		};
/* End PBXFrameworksBuildPhase section */

/* Begin PBXGroup section */
		5D8BA87C275158F400BB843F = {
			isa = PBXGroup;
			children = (
				5D8BA881275158F400BB843F /* Shared */,
				5D8BA88A275158F500BB843F /* Products */,
			);
			sourceTree = "<group>";
		};
		5D8BA881275158F400BB843F /* Shared */ = {
			isa = PBXGroup;
			children = (
				5D8BA882275158F400BB843F /* ForceDirectedGraphApp.swift */,
				5D8BA883275158F400BB843F /* ContentView.swift */,
				5D8BA8A02751593500BB843F /* Graph.swift */,
				5D8BA8A32751593F00BB843F /* GraphLayout.swift */,
				5D8BA8A62751594A00BB843F /* GraphView.swift */,
				5D8BA8BB2751DC0600BB843F /* GraphViewModel.swift */,
				5D8BA8A92751595400BB843F /* LinksView.swift */,
				5D8BA8B22751598200BB843F /* NodeView.swift */,
				5D8BA8AC2751596E00BB843F /* GraphControl.swift */,
				5D8BA8B52751598F00BB843F /* simple.json */,
				5D8BA8AF2751597700BB843F /* miserables.json */,
				5D8BA8B82751599700BB843F /* Utility.swift */,
				5D8BA884275158F500BB843F /* Assets.xcassets */,
			);
			path = Shared;
			sourceTree = "<group>";
		};
		5D8BA88A275158F500BB843F /* Products */ = {
			isa = PBXGroup;
			children = (
				5D8BA889275158F500BB843F /* ForceDirectedGraph.app */,
			);
			name = Products;
			sourceTree = "<group>";
		};
/* End PBXGroup section */

/* Begin PBXNativeTarget section */
		5D8BA888275158F500BB843F /* ForceDirectedGraph (iOS) */ = {
			isa = PBXNativeTarget;
			buildConfigurationList = 5D8BA89A275158F500BB843F /* Build configuration list for PBXNativeTarget "ForceDirectedGraph (iOS)" */;
			buildPhases = (
				5D8BA885275158F500BB843F /* Sources */,
				5D8BA886275158F500BB843F /* Frameworks */,
				5D8BA887275158F500BB843F /* Resources */,
			);
			buildRules = (
			);
			dependencies = (
			);
			name = "ForceDirectedGraph (iOS)";
			productName = "ForceDirectedGraph (iOS)";
			productReference = 5D8BA889275158F500BB843F /* ForceDirectedGraph.app */;
			productType = "com.apple.product-type.application";
		};
/* End PBXNativeTarget section */

/* Begin PBXProject section */
		5D8BA87D275158F400BB843F /* Project object */ = {
			isa = PBXProject;
			attributes = {
				BuildIndependentTargetsInParallel = 1;
				LastSwiftUpdateCheck = 1310;
				LastUpgradeCheck = 1310;
				TargetAttributes = {
					5D8BA888275158F500BB843F = {
						CreatedOnToolsVersion = 13.1;
					};
				};
			};
			buildConfigurationList = 5D8BA880275158F400BB843F /* Build configuration list for PBXProject "ForceDirectedGraph" */;
			compatibilityVersion = "Xcode 13.0";
			developmentRegion = en;
			hasScannedForEncodings = 0;
			knownRegions = (
				en,
				Base,
			);
			mainGroup = 5D8BA87C275158F400BB843F;
			productRefGroup = 5D8BA88A275158F500BB843F /* Products */;
			projectDirPath = "";
			projectRoot = "";
			targets = (
				5D8BA888275158F500BB843F /* ForceDirectedGraph (iOS) */,
			);
		};
/* End PBXProject section */

/* Begin PBXResourcesBuildPhase section */
		5D8BA887275158F500BB843F /* Resources */ = {
			isa = PBXResourcesBuildPhase;
			buildActionMask = 2147483647;
			files = (
				5D8BA8B02751597700BB843F /* miserables.json in Resources */,
				5D8BA896275158F500BB843F /* Assets.xcassets in Resources */,
				5D8BA8B62751598F00BB843F /* simple.json in Resources */,
			);
			runOnlyForDeploymentPostprocessing = 0;
		};
/* End PBXResourcesBuildPhase section */

/* Begin PBXSourcesBuildPhase section */
		5D8BA885275158F500BB843F /* Sources */ = {
			isa = PBXSourcesBuildPhase;
			buildActionMask = 2147483647;
			files = (
				5D8BA8A72751594A00BB843F /* GraphView.swift in Sources */,
				5D8BA8A42751593F00BB843F /* GraphLayout.swift in Sources */,
				5D8BA8B92751599700BB843F /* Utility.swift in Sources */,
				5D8BA8B32751598200BB843F /* NodeView.swift in Sources */,
				5D8BA8AD2751596E00BB843F /* GraphControl.swift in Sources */,
				5D8BA8BC2751DC0600BB843F /* GraphViewModel.swift in Sources */,
				5D8BA8A12751593500BB843F /* Graph.swift in Sources */,
				5D8BA894275158F500BB843F /* ContentView.swift in Sources */,
				5D8BA8AA2751595400BB843F /* LinksView.swift in Sources */,
				5D8BA892275158F500BB843F /* ForceDirectedGraphApp.swift in Sources */,
			);
			runOnlyForDeploymentPostprocessing = 0;
		};
/* End PBXSourcesBuildPhase section */

/* Begin XCBuildConfiguration section */
		5D8BA898275158F500BB843F /* Debug */ = {
			isa = XCBuildConfiguration;
			buildSettings = {
				ALWAYS_SEARCH_USER_PATHS = NO;
				CLANG_ANALYZER_NONNULL = YES;
				CLANG_ANALYZER_NUMBER_OBJECT_CONVERSION = YES_AGGRESSIVE;
				CLANG_CXX_LANGUAGE_STANDARD = "gnu++17";
				CLANG_CXX_LIBRARY = "libc++";
				CLANG_ENABLE_MODULES = YES;
				CLANG_ENABLE_OBJC_ARC = YES;
				CLANG_ENABLE_OBJC_WEAK = YES;
				CLANG_WARN_BLOCK_CAPTURE_AUTORELEASING = YES;
				CLANG_WARN_BOOL_CONVERSION = YES;
				CLANG_WARN_COMMA = YES;
				CLANG_WARN_CONSTANT_CONVERSION = YES;
				CLANG_WARN_DEPRECATED_OBJC_IMPLEMENTATIONS = YES;
				CLANG_WARN_DIRECT_OBJC_ISA_USAGE = YES_ERROR;
				CLANG_WARN_DOCUMENTATION_COMMENTS = YES;
				CLANG_WARN_EMPTY_BODY = YES;
				CLANG_WARN_ENUM_CONVERSION = YES;
				CLANG_WARN_INFINITE_RECURSION = YES;
				CLANG_WARN_INT_CONVERSION = YES;
				CLANG_WARN_NON_LITERAL_NULL_CONVERSION = YES;
				CLANG_WARN_OBJC_IMPLICIT_RETAIN_SELF = YES;
				CLANG_WARN_OBJC_LITERAL_CONVERSION = YES;
				CLANG_WARN_OBJC_ROOT_CLASS = YES_ERROR;
				CLANG_WARN_QUOTED_INCLUDE_IN_FRAMEWORK_HEADER = YES;
				CLANG_WARN_RANGE_LOOP_ANALYSIS = YES;
				CLANG_WARN_STRICT_PROTOTYPES = YES;
				CLANG_WARN_SUSPICIOUS_MOVE = YES;
				CLANG_WARN_UNGUARDED_AVAILABILITY = YES_AGGRESSIVE;
				CLANG_WARN_UNREACHABLE_CODE = YES;
				CLANG_WARN__DUPLICATE_METHOD_MATCH = YES;
				COPY_PHASE_STRIP = NO;
				DEBUG_INFORMATION_FORMAT = dwarf;
				ENABLE_STRICT_OBJC_MSGSEND = YES;
				ENABLE_TESTABILITY = YES;
				GCC_C_LANGUAGE_STANDARD = gnu11;
				GCC_DYNAMIC_NO_PIC = NO;
				GCC_NO_COMMON_BLOCKS = YES;
				GCC_OPTIMIZATION_LEVEL = 0;
				GCC_PREPROCESSOR_DEFINITIONS = (
					"DEBUG=1",
					"$(inherited)",
				);
				GCC_WARN_64_TO_32_BIT_CONVERSION = YES;
				GCC_WARN_ABOUT_RETURN_TYPE = YES_ERROR;
				GCC_WARN_UNDECLARED_SELECTOR = YES;
				GCC_WARN_UNINITIALIZED_AUTOS = YES_AGGRESSIVE;
				GCC_WARN_UNUSED_FUNCTION = YES;
				GCC_WARN_UNUSED_VARIABLE = YES;
				MTL_ENABLE_DEBUG_INFO = INCLUDE_SOURCE;
				MTL_FAST_MATH = YES;
				ONLY_ACTIVE_ARCH = YES;
				SWIFT_ACTIVE_COMPILATION_CONDITIONS = DEBUG;
				SWIFT_OPTIMIZATION_LEVEL = "-Onone";
			};
			name = Debug;
		};
		5D8BA899275158F500BB843F /* Release */ = {
			isa = XCBuildConfiguration;
			buildSettings = {
				ALWAYS_SEARCH_USER_PATHS = NO;
				CLANG_ANALYZER_NONNULL = YES;
				CLANG_ANALYZER_NUMBER_OBJECT_CONVERSION = YES_AGGRESSIVE;
				CLANG_CXX_LANGUAGE_STANDARD = "gnu++17";
				CLANG_CXX_LIBRARY = "libc++";
				CLANG_ENABLE_MODULES = YES;
				CLANG_ENABLE_OBJC_ARC = YES;
				CLANG_ENABLE_OBJC_WEAK = YES;
				CLANG_WARN_BLOCK_CAPTURE_AUTORELEASING = YES;
				CLANG_WARN_BOOL_CONVERSION = YES;
				CLANG_WARN_COMMA = YES;
				CLANG_WARN_CONSTANT_CONVERSION = YES;
				CLANG_WARN_DEPRECATED_OBJC_IMPLEMENTATIONS = YES;
				CLANG_WARN_DIRECT_OBJC_ISA_USAGE = YES_ERROR;
				CLANG_WARN_DOCUMENTATION_COMMENTS = YES;
				CLANG_WARN_EMPTY_BODY = YES;
				CLANG_WARN_ENUM_CONVERSION = YES;
				CLANG_WARN_INFINITE_RECURSION = YES;
				CLANG_WARN_INT_CONVERSION = YES;
				CLANG_WARN_NON_LITERAL_NULL_CONVERSION = YES;
				CLANG_WARN_OBJC_IMPLICIT_RETAIN_SELF = YES;
				CLANG_WARN_OBJC_LITERAL_CONVERSION = YES;
				CLANG_WARN_OBJC_ROOT_CLASS = YES_ERROR;
				CLANG_WARN_QUOTED_INCLUDE_IN_FRAMEWORK_HEADER = YES;
				CLANG_WARN_RANGE_LOOP_ANALYSIS = YES;
				CLANG_WARN_STRICT_PROTOTYPES = YES;
				CLANG_WARN_SUSPICIOUS_MOVE = YES;
				CLANG_WARN_UNGUARDED_AVAILABILITY = YES_AGGRESSIVE;
				CLANG_WARN_UNREACHABLE_CODE = YES;
				CLANG_WARN__DUPLICATE_METHOD_MATCH = YES;
				COPY_PHASE_STRIP = NO;
				DEBUG_INFORMATION_FORMAT = "dwarf-with-dsym";
				ENABLE_NS_ASSERTIONS = NO;
				ENABLE_STRICT_OBJC_MSGSEND = YES;
				GCC_C_LANGUAGE_STANDARD = gnu11;
				GCC_NO_COMMON_BLOCKS = YES;
				GCC_WARN_64_TO_32_BIT_CONVERSION = YES;
				GCC_WARN_ABOUT_RETURN_TYPE = YES_ERROR;
				GCC_WARN_UNDECLARED_SELECTOR = YES;
				GCC_WARN_UNINITIALIZED_AUTOS = YES_AGGRESSIVE;
				GCC_WARN_UNUSED_FUNCTION = YES;
				GCC_WARN_UNUSED_VARIABLE = YES;
				MTL_ENABLE_DEBUG_INFO = NO;
				MTL_FAST_MATH = YES;
				SWIFT_COMPILATION_MODE = wholemodule;
				SWIFT_OPTIMIZATION_LEVEL = "-O";
			};
			name = Release;
		};
		5D8BA89B275158F500BB843F /* Debug */ = {
			isa = XCBuildConfiguration;
			buildSettings = {
				ASSETCATALOG_COMPILER_APPICON_NAME = AppIcon;
				ASSETCATALOG_COMPILER_GLOBAL_ACCENT_COLOR_NAME = AccentColor;
				CODE_SIGN_STYLE = Automatic;
				CURRENT_PROJECT_VERSION = 1;
				ENABLE_PREVIEWS = YES;
				GENERATE_INFOPLIST_FILE = YES;
				INFOPLIST_KEY_UIApplicationSceneManifest_Generation = YES;
				INFOPLIST_KEY_UIApplicationSupportsIndirectInputEvents = YES;
				INFOPLIST_KEY_UILaunchScreen_Generation = YES;
				INFOPLIST_KEY_UISupportedInterfaceOrientations_iPad = "UIInterfaceOrientationPortrait UIInterfaceOrientationPortraitUpsideDown UIInterfaceOrientationLandscapeLeft UIInterfaceOrientationLandscapeRight";
				INFOPLIST_KEY_UISupportedInterfaceOrientations_iPhone = "UIInterfaceOrientationPortrait UIInterfaceOrientationLandscapeLeft UIInterfaceOrientationLandscapeRight";
				IPHONEOS_DEPLOYMENT_TARGET = 15.0;
				LD_RUNPATH_SEARCH_PATHS = (
					"$(inherited)",
					"@executable_path/Frameworks",
				);
				MARKETING_VERSION = 1.0;
				PRODUCT_BUNDLE_IDENTIFIER = org.rayfix.ForceDirectedGraph;
				PRODUCT_NAME = ForceDirectedGraph;
				SDKROOT = iphoneos;
				SWIFT_EMIT_LOC_STRINGS = YES;
				SWIFT_VERSION = 5.0;
				TARGETED_DEVICE_FAMILY = "1,2";
			};
			name = Debug;
		};
		5D8BA89C275158F500BB843F /* Release */ = {
			isa = XCBuildConfiguration;
			buildSettings = {
				ASSETCATALOG_COMPILER_APPICON_NAME = AppIcon;
				ASSETCATALOG_COMPILER_GLOBAL_ACCENT_COLOR_NAME = AccentColor;
				CODE_SIGN_STYLE = Automatic;
				CURRENT_PROJECT_VERSION = 1;
				ENABLE_PREVIEWS = YES;
				GENERATE_INFOPLIST_FILE = YES;
				INFOPLIST_KEY_UIApplicationSceneManifest_Generation = YES;
				INFOPLIST_KEY_UIApplicationSupportsIndirectInputEvents = YES;
				INFOPLIST_KEY_UILaunchScreen_Generation = YES;
				INFOPLIST_KEY_UISupportedInterfaceOrientations_iPad = "UIInterfaceOrientationPortrait UIInterfaceOrientationPortraitUpsideDown UIInterfaceOrientationLandscapeLeft UIInterfaceOrientationLandscapeRight";
				INFOPLIST_KEY_UISupportedInterfaceOrientations_iPhone = "UIInterfaceOrientationPortrait UIInterfaceOrientationLandscapeLeft UIInterfaceOrientationLandscapeRight";
				IPHONEOS_DEPLOYMENT_TARGET = 15.0;
				LD_RUNPATH_SEARCH_PATHS = (
					"$(inherited)",
					"@executable_path/Frameworks",
				);
				MARKETING_VERSION = 1.0;
				PRODUCT_BUNDLE_IDENTIFIER = org.rayfix.ForceDirectedGraph;
				PRODUCT_NAME = ForceDirectedGraph;
				SDKROOT = iphoneos;
				SWIFT_EMIT_LOC_STRINGS = YES;
				SWIFT_VERSION = 5.0;
				TARGETED_DEVICE_FAMILY = "1,2";
				VALIDATE_PRODUCT = YES;
			};
			name = Release;
		};
/* End XCBuildConfiguration section */

/* Begin XCConfigurationList section */
		5D8BA880275158F400BB843F /* Build configuration list for PBXProject "ForceDirectedGraph" */ = {
			isa = XCConfigurationList;
			buildConfigurations = (
				5D8BA898275158F500BB843F /* Debug */,
				5D8BA899275158F500BB843F /* Release */,
			);
			defaultConfigurationIsVisible = 0;
			defaultConfigurationName = Release;
		};
		5D8BA89A275158F500BB843F /* Build configuration list for PBXNativeTarget "ForceDirectedGraph (iOS)" */ = {
			isa = XCConfigurationList;
			buildConfigurations = (
				5D8BA89B275158F500BB843F /* Debug */,
				5D8BA89C275158F500BB843F /* Release */,
			);
			defaultConfigurationIsVisible = 0;
			defaultConfigurationName = Release;
		};
/* End XCConfigurationList section */
	};
	rootObject = 5D8BA87D275158F400BB843F /* Project object */;
}
